
Microsoft Visual Studio Solution File, Format Version 12.00
# Visual Studio 15
VisualStudioVersion = 15.0.28010.2046
MinimumVisualStudioVersion = 10.0.40219.1
Project("{FAE04EC0-301F-11D3-BF4B-00C04F79EFBC}") = "KeyboardTech", "KeyboardTech\KeyboardTech.csproj", "{FEEBB92C-7CCC-49AA-9B99-D2A6B62674BF}"
EndProject
Global
	GlobalSection(SolutionConfigurationPlatforms) = preSolution
		Debug|Any CPU = Debug|Any CPU
		Release|Any CPU = Release|Any CPU
	EndGlobalSection
	GlobalSection(ProjectConfigurationPlatforms) = postSolution
		{FEEBB92C-7CCC-49AA-9B99-D2A6B62674BF}.Debug|Any CPU.ActiveCfg = Debug|Any CPU
		{FEEBB92C-7CCC-49AA-9B99-D2A6B62674BF}.Debug|Any CPU.Build.0 = Debug|Any CPU
		{FEEBB92C-7CCC-49AA-9B99-D2A6B62674BF}.Release|Any CPU.ActiveCfg = Release|Any CPU
		{FEEBB92C-7CCC-49AA-9B99-D2A6B62674BF}.Release|Any CPU.Build.0 = Release|Any CPU
	EndGlobalSection
	GlobalSection(SolutionProperties) = preSolution
		HideSolutionNode = FALSE
	EndGlobalSection
	GlobalSection(ExtensibilityGlobals) = postSolution
		SolutionGuid = {B4DA273C-0EDC-461A-93D8-502544F2E296}
	EndGlobalSection
EndGlobal
